{
  "object": {
    "pins": [
      {
        "package": "Alamofire",
        "repositoryURL": "https://github.com/Alamofire/Alamofire",
        "state": {
          "branch": null,
          "revision": "2777659076fda38bd4e487739ee331c7a65b5924",
          "version": "5.2.1"
        }
      },
      {
        "package": "SDWebImage",
        "repositoryURL": "https://github.com/SDWebImage/SDWebImage.git",
        "state": {
          "branch": null,
          "revision": "5818cf70fde7e9e07e24196d0d54350bc8526f26",
          "version": "5.8.0"
        }
      },
      {
        "package": "SDWebImageSwiftUI",
        "repositoryURL": "https://github.com/SDWebImage/SDWebImageSwiftUI",
        "state": {
          "branch": null,
          "revision": "1ed96d9b08fa18694621e0b1de182fbf032121bc",
          "version": "1.4.0"
        }
      },
      {
        "package": "SwiftUIPullToRefresh",
        "repositoryURL": "https://github.com/phuhuynh2411/SwiftUI-PullToRefresh",
        "state": {
          "branch": null,
          "revision": "20d4652902625a2a3563e57c06368a95be73df18",
          "version": "1.0.6"
        }
      }
    ]
  },
  "version": 1
}
