{
  "pins" : [
    {
      "identity" : "alamofire",
      "kind" : "remoteSourceControl",
      "location" : "https://github.com/Alamofire/Alamofire",
      "state" : {
        "revision" : "78424be314842833c04bc3bef5b72e85fff99204",
        "version" : "5.6.4"
      }
    },
    {
      "identity" : "displaylink",
      "kind" : "remoteSourceControl",
      "location" : "https://github.com/timdonnelly/DisplayLink",
      "state" : {
        "revision" : "e95f592a176246172324f10eb1bdc92f121d479f",
        "version" : "0.2.0"
      }
    },
    {
      "identity" : "just",
      "kind" : "remoteSourceControl",
      "location" : "https://github.com/dduan/Just",
      "state" : {
        "revision" : "1824bf84cf52d11d69ae20cfb89f0ce5bffa5650",
        "version" : "0.8.0"
      }
    },
    {
      "identity" : "kingfisher",
      "kind" : "remoteSourceControl",
      "location" : "https://github.com/onevcat/Kingfisher",
      "state" : {
        "revision" : "af4be924ad984cf4d16f4ae4df424e79a443d435",
        "version" : "7.6.2"
      }
    },
    {
      "identity" : "lottie-ios",
      "kind" : "remoteSourceControl",
      "location" : "https://github.com/airbnb/lottie-ios",
      "state" : {
        "revision" : "4e51b71c6ef1b645c9a83de112d627c919143137",
        "version" : "4.1.3"
      }
    },
    {
      "identity" : "moya",
      "kind" : "remoteSourceControl",
      "location" : "https://github.com/Moya/Moya",
      "state" : {
        "revision" : "c263811c1f3dbf002be9bd83107f7cdc38992b26",
        "version" : "15.0.3"
      }
    },
    {
      "identity" : "nimble",
      "kind" : "remoteSourceControl",
      "location" : "https://github.com/Quick/Nimble.git",
      "state" : {
        "revision" : "7a46a5fc86cb917f69e3daf79fcb045283d8f008",
        "version" : "8.1.2"
      }
    },
    {
      "identity" : "nuke",
      "kind" : "remoteSourceControl",
      "location" : "https://github.com/kean/Nuke.git",
      "state" : {
        "revision" : "33f7e93be5d4ec027d42af77a8ec4680d1862ad2",
        "version" : "11.6.4"
      }
    },
    {
      "identity" : "quick",
      "kind" : "remoteSourceControl",
      "location" : "https://github.com/Quick/Quick.git",
      "state" : {
        "revision" : "09b3becb37cb2163919a3842a4c5fa6ec7130792",
        "version" : "2.2.1"
      }
    },
    {
      "identity" : "reactiveswift",
      "kind" : "remoteSourceControl",
      "location" : "https://github.com/ReactiveCocoa/ReactiveSwift.git",
      "state" : {
        "revision" : "b772fa0b624926e6e2f21acbb79297736a05c585",
        "version" : "6.1.0"
      }
    },
    {
      "identity" : "realm-cocoa",
      "kind" : "remoteSourceControl",
      "location" : "https://github.com/realm/realm-cocoa",
      "state" : {
        "revision" : "4d55ba88e78ed427eae439e7c15fac2372f95c64",
        "version" : "10.36.0"
      }
    },
    {
      "identity" : "realm-core",
      "kind" : "remoteSourceControl",
      "location" : "https://github.com/realm/realm-core",
      "state" : {
        "revision" : "a7d486d07b821e28ffd3587e99355a63148cbb43",
        "version" : "13.4.1"
      }
    },
    {
      "identity" : "rxswift",
      "kind" : "remoteSourceControl",
      "location" : "https://github.com/ReactiveX/RxSwift.git",
      "state" : {
        "revision" : "b4307ba0b6425c0ba4178e138799946c3da594f8",
        "version" : "6.5.0"
      }
    },
    {
      "identity" : "sdwebimage",
      "kind" : "remoteSourceControl",
      "location" : "https://github.com/SDWebImage/SDWebImage.git",
      "state" : {
        "revision" : "9248fe561a2a153916fb9597e3af4434784c6d32",
        "version" : "5.13.4"
      }
    },
    {
      "identity" : "sdwebimageswiftui",
      "kind" : "remoteSourceControl",
      "location" : "https://github.com/SDWebImage/SDWebImageSwiftUI",
      "state" : {
        "revision" : "61fefe9c284fd41ddef77d02749e88f00c305196",
        "version" : "2.2.2"
      }
    },
    {
      "identity" : "skeletonui",
      "kind" : "remoteSourceControl",
      "location" : "https://github.com/CSolanaM/SkeletonUI",
      "state" : {
        "revision" : "98225dbb0459477dfeac063e1c7d0750102325d1",
        "version" : "1.0.9"
      }
    },
    {
      "identity" : "swift-snapshot-testing",
      "kind" : "remoteSourceControl",
      "location" : "https://github.com/pointfreeco/swift-snapshot-testing",
      "state" : {
        "revision" : "f29e2014f6230cf7d5138fc899da51c7f513d467",
        "version" : "1.10.0"
      }
    },
    {
      "identity" : "swiftui-pulltorefresh",
      "kind" : "remoteSourceControl",
      "location" : "https://github.com/phuhuynh2411/SwiftUI-PullToRefresh",
      "state" : {
        "revision" : "20d4652902625a2a3563e57c06368a95be73df18",
        "version" : "1.0.6"
      }
    },
    {
      "identity" : "swinject",
      "kind" : "remoteSourceControl",
      "location" : "https://github.com/Swinject/Swinject",
      "state" : {
        "revision" : "8bc503e60965298984fb58cf47b71c541449fe2a",
        "version" : "2.8.3"
      }
    }
  ],
  "version" : 2
}
